
Microsoft Visual Studio Solution File, Format Version 12.00
# Visual Studio Version 17
VisualStudioVersion = 17.11.35208.52
MinimumVisualStudioVersion = 10.0.40219.1
Project("{FAE04EC0-301F-11D3-BF4B-00C04F79EFBC}") = "e575-Lab-Localhost-BlazorWebApp", "e575-Lab-Localhost-BlazorWebApp\e575-Lab-Localhost-BlazorWebApp\e575-Lab-Localhost-BlazorWebApp.csproj", "{825ED834-CFD3-4C5C-996B-798E440ECC41}"
EndProject
Project("{FAE04EC0-301F-11D3-BF4B-00C04F79EFBC}") = "e575-Lab-Localhost-BlazorWebApp.Client", "e575-Lab-Localhost-BlazorWebApp\e575-Lab-Localhost-BlazorWebApp.Client\e575-Lab-Localhost-BlazorWebApp.Client.csproj", "{DC67DA8D-1B40-4257-BEB2-4BFABCECF9A0}"
EndProject
Global
	GlobalSection(SolutionConfigurationPlatforms) = preSolution
		Debug|Any CPU = Debug|Any CPU
		Release|Any CPU = Release|Any CPU
	EndGlobalSection
	GlobalSection(ProjectConfigurationPlatforms) = postSolution
		{825ED834-CFD3-4C5C-996B-798E440ECC41}.Debug|Any CPU.ActiveCfg = Debug|Any CPU
		{825ED834-CFD3-4C5C-996B-798E440ECC41}.Debug|Any CPU.Build.0 = Debug|Any CPU
		{825ED834-CFD3-4C5C-996B-798E440ECC41}.Release|Any CPU.ActiveCfg = Release|Any CPU
		{825ED834-CFD3-4C5C-996B-798E440ECC41}.Release|Any CPU.Build.0 = Release|Any CPU
		{DC67DA8D-1B40-4257-BEB2-4BFABCECF9A0}.Debug|Any CPU.ActiveCfg = Debug|Any CPU
		{DC67DA8D-1B40-4257-BEB2-4BFABCECF9A0}.Debug|Any CPU.Build.0 = Debug|Any CPU
		{DC67DA8D-1B40-4257-BEB2-4BFABCECF9A0}.Release|Any CPU.ActiveCfg = Release|Any CPU
		{DC67DA8D-1B40-4257-BEB2-4BFABCECF9A0}.Release|Any CPU.Build.0 = Release|Any CPU
	EndGlobalSection
	GlobalSection(SolutionProperties) = preSolution
		HideSolutionNode = FALSE
	EndGlobalSection
	GlobalSection(ExtensibilityGlobals) = postSolution
		SolutionGuid = {56878C95-9F39-40D8-97D7-24F47BCB2A3D}
	EndGlobalSection
EndGlobal
